
Microsoft Visual Studio Solution File, Format Version 12.00
# Visual Studio 15
VisualStudioVersion = 15.0.28010.2019
MinimumVisualStudioVersion = 10.0.40219.1
Project("{FAE04EC0-301F-11D3-BF4B-00C04F79EFBC}") = "ColoursOfTheRainbow", "ColoursOfTheRainbow\ColoursOfTheRainbow.csproj", "{BD8A5CAB-9D2B-46DD-B9CF-8EAF0C5AAAE0}"
EndProject
Project("{FAE04EC0-301F-11D3-BF4B-00C04F79EFBC}") = "Pipe", "Pipe\Pipe.csproj", "{207D6009-884A-45EE-9860-24D1A6C23585}"
EndProject
Global
	GlobalSection(SolutionConfigurationPlatforms) = preSolution
		Debug|Any CPU = Debug|Any CPU
		Release|Any CPU = Release|Any CPU
	EndGlobalSection
	GlobalSection(ProjectConfigurationPlatforms) = postSolution
		{BD8A5CAB-9D2B-46DD-B9CF-8EAF0C5AAAE0}.Debug|Any CPU.ActiveCfg = Debug|Any CPU
		{BD8A5CAB-9D2B-46DD-B9CF-8EAF0C5AAAE0}.Debug|Any CPU.Build.0 = Debug|Any CPU
		{BD8A5CAB-9D2B-46DD-B9CF-8EAF0C5AAAE0}.Release|Any CPU.ActiveCfg = Release|Any CPU
		{BD8A5CAB-9D2B-46DD-B9CF-8EAF0C5AAAE0}.Release|Any CPU.Build.0 = Release|Any CPU
		{207D6009-884A-45EE-9860-24D1A6C23585}.Debug|Any CPU.ActiveCfg = Debug|Any CPU
		{207D6009-884A-45EE-9860-24D1A6C23585}.Debug|Any CPU.Build.0 = Debug|Any CPU
		{207D6009-884A-45EE-9860-24D1A6C23585}.Release|Any CPU.ActiveCfg = Release|Any CPU
		{207D6009-884A-45EE-9860-24D1A6C23585}.Release|Any CPU.Build.0 = Release|Any CPU
	EndGlobalSection
	GlobalSection(SolutionProperties) = preSolution
		HideSolutionNode = FALSE
	EndGlobalSection
	GlobalSection(ExtensibilityGlobals) = postSolution
		SolutionGuid = {6739CD7E-07BE-4A84-AC6A-4A7A2C7415B6}
	EndGlobalSection
EndGlobal
